// !$*UTF8*$!
{
	archiveVersion = 1;
	classes = {
	};
	objectVersion = 50;
	objects = {

/* Begin PBXBuildFile section */
		2C6810C52254FEDE00EC25DD /* AppDelegate.swift in Sources */ = {isa = PBXBuildFile; fileRef = 2C6810C42254FEDE00EC25DD /* AppDelegate.swift */; };
		2C6810C72254FEDE00EC25DD /* ViewController.swift in Sources */ = {isa = PBXBuildFile; fileRef = 2C6810C62254FEDE00EC25DD /* ViewController.swift */; };
		2C6810CA2254FEDE00EC25DD /* Main.storyboard in Resources */ = {isa = PBXBuildFile; fileRef = 2C6810C82254FEDE00EC25DD /* Main.storyboard */; };
		2C6810CC2254FEE600EC25DD /* Assets.xcassets in Resources */ = {isa = PBXBuildFile; fileRef = 2C6810CB2254FEE600EC25DD /* Assets.xcassets */; };
		2C6810CF2254FEE600EC25DD /* LaunchScreen.storyboard in Resources */ = {isa = PBXBuildFile; fileRef = 2C6810CD2254FEE600EC25DD /* LaunchScreen.storyboard */; };
		2C6810DA2254FEE700EC25DD /* FeedFetcherTests.swift in Sources */ = {isa = PBXBuildFile; fileRef = 2C6810D92254FEE700EC25DD /* FeedFetcherTests.swift */; };
		2C6810E52254FEE700EC25DD /* FeedFetcherUITests.swift in Sources */ = {isa = PBXBuildFile; fileRef = 2C6810E42254FEE700EC25DD /* FeedFetcherUITests.swift */; };
/* End PBXBuildFile section */

/* Begin PBXContainerItemProxy section */
		2C6810D62254FEE700EC25DD /* PBXContainerItemProxy */ = {
			isa = PBXContainerItemProxy;
			containerPortal = 2C6810B92254FEDE00EC25DD /* Project object */;
			proxyType = 1;
			remoteGlobalIDString = 2C6810C02254FEDE00EC25DD;
			remoteInfo = FeedFetcher;
		};
		2C6810E12254FEE700EC25DD /* PBXContainerItemProxy */ = {
			isa = PBXContainerItemProxy;
			containerPortal = 2C6810B92254FEDE00EC25DD /* Project object */;
			proxyType = 1;
			remoteGlobalIDString = 2C6810C02254FEDE00EC25DD;
			remoteInfo = FeedFetcher;
		};
/* End PBXContainerItemProxy section */

/* Begin PBXFileReference section */
		2C6810C12254FEDE00EC25DD /* FeedFetcher.app */ = {isa = PBXFileReference; explicitFileType = wrapper.application; includeInIndex = 0; path = FeedFetcher.app; sourceTree = BUILT_PRODUCTS_DIR; };
		2C6810C42254FEDE00EC25DD /* AppDelegate.swift */ = {isa = PBXFileReference; lastKnownFileType = sourcecode.swift; path = AppDelegate.swift; sourceTree = "<group>"; };
		2C6810C62254FEDE00EC25DD /* ViewController.swift */ = {isa = PBXFileReference; lastKnownFileType = sourcecode.swift; path = ViewController.swift; sourceTree = "<group>"; };
		2C6810C92254FEDE00EC25DD /* Base */ = {isa = PBXFileReference; lastKnownFileType = file.storyboard; name = Base; path = Base.lproj/Main.storyboard; sourceTree = "<group>"; };
		2C6810CB2254FEE600EC25DD /* Assets.xcassets */ = {isa = PBXFileReference; lastKnownFileType = folder.assetcatalog; path = Assets.xcassets; sourceTree = "<group>"; };
		2C6810CE2254FEE600EC25DD /* Base */ = {isa = PBXFileReference; lastKnownFileType = file.storyboard; name = Base; path = Base.lproj/LaunchScreen.storyboard; sourceTree = "<group>"; };
		2C6810D02254FEE600EC25DD /* Info.plist */ = {isa = PBXFileReference; lastKnownFileType = text.plist.xml; path = Info.plist; sourceTree = "<group>"; };
		2C6810D52254FEE700EC25DD /* FeedFetcherTests.xctest */ = {isa = PBXFileReference; explicitFileType = wrapper.cfbundle; includeInIndex = 0; path = FeedFetcherTests.xctest; sourceTree = BUILT_PRODUCTS_DIR; };
		2C6810D92254FEE700EC25DD /* FeedFetcherTests.swift */ = {isa = PBXFileReference; lastKnownFileType = sourcecode.swift; path = FeedFetcherTests.swift; sourceTree = "<group>"; };
		2C6810DB2254FEE700EC25DD /* Info.plist */ = {isa = PBXFileReference; lastKnownFileType = text.plist.xml; path = Info.plist; sourceTree = "<group>"; };
		2C6810E02254FEE700EC25DD /* FeedFetcherUITests.xctest */ = {isa = PBXFileReference; explicitFileType = wrapper.cfbundle; includeInIndex = 0; path = FeedFetcherUITests.xctest; sourceTree = BUILT_PRODUCTS_DIR; };
		2C6810E42254FEE700EC25DD /* FeedFetcherUITests.swift */ = {isa = PBXFileReference; lastKnownFileType = sourcecode.swift; path = FeedFetcherUITests.swift; sourceTree = "<group>"; };
		2C6810E62254FEE700EC25DD /* Info.plist */ = {isa = PBXFileReference; lastKnownFileType = text.plist.xml; path = Info.plist; sourceTree = "<group>"; };
/* End PBXFileReference section */

/* Begin PBXFrameworksBuildPhase section */
		2C6810BE2254FEDE00EC25DD /* Frameworks */ = {
			isa = PBXFrameworksBuildPhase;
			buildActionMask = 2147483647;
			files = (
			);
			runOnlyForDeploymentPostprocessing = 0;
		};
		2C6810D22254FEE700EC25DD /* Frameworks */ = {
			isa = PBXFrameworksBuildPhase;
			buildActionMask = 2147483647;
			files = (
			);
			runOnlyForDeploymentPostprocessing = 0;
		};
		2C6810DD2254FEE700EC25DD /* Frameworks */ = {
			isa = PBXFrameworksBuildPhase;
			buildActionMask = 2147483647;
			files = (
			);
			runOnlyForDeploymentPostprocessing = 0;
		};
/* End PBXFrameworksBuildPhase section */

/* Begin PBXGroup section */
		2C6810B82254FEDE00EC25DD = {
			isa = PBXGroup;
			children = (
				2C6810C32254FEDE00EC25DD /* FeedFetcher */,
				2C6810D82254FEE700EC25DD /* FeedFetcherTests */,
				2C6810E32254FEE700EC25DD /* FeedFetcherUITests */,
				2C6810C22254FEDE00EC25DD /* Products */,
			);
			sourceTree = "<group>";
		};
		2C6810C22254FEDE00EC25DD /* Products */ = {
			isa = PBXGroup;
			children = (
				2C6810C12254FEDE00EC25DD /* FeedFetcher.app */,
				2C6810D52254FEE700EC25DD /* FeedFetcherTests.xctest */,
				2C6810E02254FEE700EC25DD /* FeedFetcherUITests.xctest */,
			);
			name = Products;
			sourceTree = "<group>";
		};
		2C6810C32254FEDE00EC25DD /* FeedFetcher */ = {
			isa = PBXGroup;
			children = (
				2C6810C42254FEDE00EC25DD /* AppDelegate.swift */,
				2C6810C62254FEDE00EC25DD /* ViewController.swift */,
				2C6810C82254FEDE00EC25DD /* Main.storyboard */,
				2C6810CB2254FEE600EC25DD /* Assets.xcassets */,
				2C6810CD2254FEE600EC25DD /* LaunchScreen.storyboard */,
				2C6810D02254FEE600EC25DD /* Info.plist */,
			);
			path = FeedFetcher;
			sourceTree = "<group>";
		};
		2C6810D82254FEE700EC25DD /* FeedFetcherTests */ = {
			isa = PBXGroup;
			children = (
				2C6810D92254FEE700EC25DD /* FeedFetcherTests.swift */,
				2C6810DB2254FEE700EC25DD /* Info.plist */,
			);
			path = FeedFetcherTests;
			sourceTree = "<group>";
		};
		2C6810E32254FEE700EC25DD /* FeedFetcherUITests */ = {
			isa = PBXGroup;
			children = (
				2C6810E42254FEE700EC25DD /* FeedFetcherUITests.swift */,
				2C6810E62254FEE700EC25DD /* Info.plist */,
			);
			path = FeedFetcherUITests;
			sourceTree = "<group>";
		};
/* End PBXGroup section */

/* Begin PBXNativeTarget section */
		2C6810C02254FEDE00EC25DD /* FeedFetcher */ = {
			isa = PBXNativeTarget;
			buildConfigurationList = 2C6810E92254FEE700EC25DD /* Build configuration list for PBXNativeTarget "FeedFetcher" */;
			buildPhases = (
				2C6810BD2254FEDE00EC25DD /* Sources */,
				2C6810BE2254FEDE00EC25DD /* Frameworks */,
				2C6810BF2254FEDE00EC25DD /* Resources */,
			);
			buildRules = (
			);
			dependencies = (
			);
			name = FeedFetcher;
			productName = FeedFetcher;
			productReference = 2C6810C12254FEDE00EC25DD /* FeedFetcher.app */;
			productType = "com.apple.product-type.application";
		};
		2C6810D42254FEE700EC25DD /* FeedFetcherTests */ = {
			isa = PBXNativeTarget;
			buildConfigurationList = 2C6810EC2254FEE700EC25DD /* Build configuration list for PBXNativeTarget "FeedFetcherTests" */;
			buildPhases = (
				2C6810D12254FEE700EC25DD /* Sources */,
				2C6810D22254FEE700EC25DD /* Frameworks */,
				2C6810D32254FEE700EC25DD /* Resources */,
			);
			buildRules = (
			);
			dependencies = (
				2C6810D72254FEE700EC25DD /* PBXTargetDependency */,
			);
			name = FeedFetcherTests;
			productName = FeedFetcherTests;
			productReference = 2C6810D52254FEE700EC25DD /* FeedFetcherTests.xctest */;
			productType = "com.apple.product-type.bundle.unit-test";
		};
		2C6810DF2254FEE700EC25DD /* FeedFetcherUITests */ = {
			isa = PBXNativeTarget;
			buildConfigurationList = 2C6810EF2254FEE800EC25DD /* Build configuration list for PBXNativeTarget "FeedFetcherUITests" */;
			buildPhases = (
				2C6810DC2254FEE700EC25DD /* Sources */,
				2C6810DD2254FEE700EC25DD /* Frameworks */,
				2C6810DE2254FEE700EC25DD /* Resources */,
			);
			buildRules = (
			);
			dependencies = (
				2C6810E22254FEE700EC25DD /* PBXTargetDependency */,
			);
			name = FeedFetcherUITests;
			productName = FeedFetcherUITests;
			productReference = 2C6810E02254FEE700EC25DD /* FeedFetcherUITests.xctest */;
			productType = "com.apple.product-type.bundle.ui-testing";
		};
/* End PBXNativeTarget section */

/* Begin PBXProject section */
		2C6810B92254FEDE00EC25DD /* Project object */ = {
			isa = PBXProject;
			attributes = {
				LastSwiftUpdateCheck = 1010;
				LastUpgradeCheck = 1010;
				ORGANIZATIONNAME = "Nick Shi";
				TargetAttributes = {
					2C6810C02254FEDE00EC25DD = {
						CreatedOnToolsVersion = 10.1;
					};
					2C6810D42254FEE700EC25DD = {
						CreatedOnToolsVersion = 10.1;
						TestTargetID = 2C6810C02254FEDE00EC25DD;
					};
					2C6810DF2254FEE700EC25DD = {
						CreatedOnToolsVersion = 10.1;
						TestTargetID = 2C6810C02254FEDE00EC25DD;
					};
				};
			};
			buildConfigurationList = 2C6810BC2254FEDE00EC25DD /* Build configuration list for PBXProject "FeedFetcher" */;
			compatibilityVersion = "Xcode 9.3";
			developmentRegion = en;
			hasScannedForEncodings = 0;
			knownRegions = (
				en,
				Base,
			);
			mainGroup = 2C6810B82254FEDE00EC25DD;
			productRefGroup = 2C6810C22254FEDE00EC25DD /* Products */;
			projectDirPath = "";
			projectRoot = "";
			targets = (
				2C6810C02254FEDE00EC25DD /* FeedFetcher */,
				2C6810D42254FEE700EC25DD /* FeedFetcherTests */,
				2C6810DF2254FEE700EC25DD /* FeedFetcherUITests */,
			);
		};
/* End PBXProject section */

/* Begin PBXResourcesBuildPhase section */
		2C6810BF2254FEDE00EC25DD /* Resources */ = {
			isa = PBXResourcesBuildPhase;
			buildActionMask = 2147483647;
			files = (
				2C6810CF2254FEE600EC25DD /* LaunchScreen.storyboard in Resources */,
				2C6810CC2254FEE600EC25DD /* Assets.xcassets in Resources */,
				2C6810CA2254FEDE00EC25DD /* Main.storyboard in Resources */,
			);
			runOnlyForDeploymentPostprocessing = 0;
		};
		2C6810D32254FEE700EC25DD /* Resources */ = {
			isa = PBXResourcesBuildPhase;
			buildActionMask = 2147483647;
			files = (
			);
			runOnlyForDeploymentPostprocessing = 0;
		};
		2C6810DE2254FEE700EC25DD /* Resources */ = {
			isa = PBXResourcesBuildPhase;
			buildActionMask = 2147483647;
			files = (
			);
			runOnlyForDeploymentPostprocessing = 0;
		};
/* End PBXResourcesBuildPhase section */

/* Begin PBXSourcesBuildPhase section */
		2C6810BD2254FEDE00EC25DD /* Sources */ = {
			isa = PBXSourcesBuildPhase;
			buildActionMask = 2147483647;
			files = (
				2C6810C72254FEDE00EC25DD /* ViewController.swift in Sources */,
				2C6810C52254FEDE00EC25DD /* AppDelegate.swift in Sources */,
			);
			runOnlyForDeploymentPostprocessing = 0;
		};
		2C6810D12254FEE700EC25DD /* Sources */ = {
			isa = PBXSourcesBuildPhase;
			buildActionMask = 2147483647;
			files = (
				2C6810DA2254FEE700EC25DD /* FeedFetcherTests.swift in Sources */,
			);
			runOnlyForDeploymentPostprocessing = 0;
		};
		2C6810DC2254FEE700EC25DD /* Sources */ = {
			isa = PBXSourcesBuildPhase;
			buildActionMask = 2147483647;
			files = (
				2C6810E52254FEE700EC25DD /* FeedFetcherUITests.swift in Sources */,
			);
			runOnlyForDeploymentPostprocessing = 0;
		};
/* End PBXSourcesBuildPhase section */

/* Begin PBXTargetDependency section */
		2C6810D72254FEE700EC25DD /* PBXTargetDependency */ = {
			isa = PBXTargetDependency;
			target = 2C6810C02254FEDE00EC25DD /* FeedFetcher */;
			targetProxy = 2C6810D62254FEE700EC25DD /* PBXContainerItemProxy */;
		};
		2C6810E22254FEE700EC25DD /* PBXTargetDependency */ = {
			isa = PBXTargetDependency;
			target = 2C6810C02254FEDE00EC25DD /* FeedFetcher */;
			targetProxy = 2C6810E12254FEE700EC25DD /* PBXContainerItemProxy */;
		};
/* End PBXTargetDependency section */

/* Begin PBXVariantGroup section */
		2C6810C82254FEDE00EC25DD /* Main.storyboard */ = {
			isa = PBXVariantGroup;
			children = (
				2C6810C92254FEDE00EC25DD /* Base */,
			);
			name = Main.storyboard;
			sourceTree = "<group>";
		};
		2C6810CD2254FEE600EC25DD /* LaunchScreen.storyboard */ = {
			isa = PBXVariantGroup;
			children = (
				2C6810CE2254FEE600EC25DD /* Base */,
			);
			name = LaunchScreen.storyboard;
			sourceTree = "<group>";
		};
/* End PBXVariantGroup section */

/* Begin XCBuildConfiguration section */
		2C6810E72254FEE700EC25DD /* Debug */ = {
			isa = XCBuildConfiguration;
			buildSettings = {
				ALWAYS_SEARCH_USER_PATHS = NO;
				CLANG_ANALYZER_NONNULL = YES;
				CLANG_ANALYZER_NUMBER_OBJECT_CONVERSION = YES_AGGRESSIVE;
				CLANG_CXX_LANGUAGE_STANDARD = "gnu++14";
				CLANG_CXX_LIBRARY = "libc++";
				CLANG_ENABLE_MODULES = YES;
				CLANG_ENABLE_OBJC_ARC = YES;
				CLANG_ENABLE_OBJC_WEAK = YES;
				CLANG_WARN_BLOCK_CAPTURE_AUTORELEASING = YES;
				CLANG_WARN_BOOL_CONVERSION = YES;
				CLANG_WARN_COMMA = YES;
				CLANG_WARN_CONSTANT_CONVERSION = YES;
				CLANG_WARN_DEPRECATED_OBJC_IMPLEMENTATIONS = YES;
				CLANG_WARN_DIRECT_OBJC_ISA_USAGE = YES_ERROR;
				CLANG_WARN_DOCUMENTATION_COMMENTS = YES;
				CLANG_WARN_EMPTY_BODY = YES;
				CLANG_WARN_ENUM_CONVERSION = YES;
				CLANG_WARN_INFINITE_RECURSION = YES;
				CLANG_WARN_INT_CONVERSION = YES;
				CLANG_WARN_NON_LITERAL_NULL_CONVERSION = YES;
				CLANG_WARN_OBJC_IMPLICIT_RETAIN_SELF = YES;
				CLANG_WARN_OBJC_LITERAL_CONVERSION = YES;
				CLANG_WARN_OBJC_ROOT_CLASS = YES_ERROR;
				CLANG_WARN_RANGE_LOOP_ANALYSIS = YES;
				CLANG_WARN_STRICT_PROTOTYPES = YES;
				CLANG_WARN_SUSPICIOUS_MOVE = YES;
				CLANG_WARN_UNGUARDED_AVAILABILITY = YES_AGGRESSIVE;
				CLANG_WARN_UNREACHABLE_CODE = YES;
				CLANG_WARN__DUPLICATE_METHOD_MATCH = YES;
				CODE_SIGN_IDENTITY = "iPhone Developer";
				COPY_PHASE_STRIP = NO;
				DEBUG_INFORMATION_FORMAT = dwarf;
				ENABLE_STRICT_OBJC_MSGSEND = YES;
				ENABLE_TESTABILITY = YES;
				GCC_C_LANGUAGE_STANDARD = gnu11;
				GCC_DYNAMIC_NO_PIC = NO;
				GCC_NO_COMMON_BLOCKS = YES;
				GCC_OPTIMIZATION_LEVEL = 0;
				GCC_PREPROCESSOR_DEFINITIONS = (
					"DEBUG=1",
					"$(inherited)",
				);
				GCC_WARN_64_TO_32_BIT_CONVERSION = YES;
				GCC_WARN_ABOUT_RETURN_TYPE = YES_ERROR;
				GCC_WARN_UNDECLARED_SELECTOR = YES;
				GCC_WARN_UNINITIALIZED_AUTOS = YES_AGGRESSIVE;
				GCC_WARN_UNUSED_FUNCTION = YES;
				GCC_WARN_UNUSED_VARIABLE = YES;
				IPHONEOS_DEPLOYMENT_TARGET = 12.1;
				MTL_ENABLE_DEBUG_INFO = INCLUDE_SOURCE;
				MTL_FAST_MATH = YES;
				ONLY_ACTIVE_ARCH = YES;
				SDKROOT = iphoneos;
				SWIFT_ACTIVE_COMPILATION_CONDITIONS = DEBUG;
				SWIFT_OPTIMIZATION_LEVEL = "-Onone";
			};
			name = Debug;
		};
		2C6810E82254FEE700EC25DD /* Release */ = {
			isa = XCBuildConfiguration;
			buildSettings = {
				ALWAYS_SEARCH_USER_PATHS = NO;
				CLANG_ANALYZER_NONNULL = YES;
				CLANG_ANALYZER_NUMBER_OBJECT_CONVERSION = YES_AGGRESSIVE;
				CLANG_CXX_LANGUAGE_STANDARD = "gnu++14";
				CLANG_CXX_LIBRARY = "libc++";
				CLANG_ENABLE_MODULES = YES;
				CLANG_ENABLE_OBJC_ARC = YES;
				CLANG_ENABLE_OBJC_WEAK = YES;
				CLANG_WARN_BLOCK_CAPTURE_AUTORELEASING = YES;
				CLANG_WARN_BOOL_CONVERSION = YES;
				CLANG_WARN_COMMA = YES;
				CLANG_WARN_CONSTANT_CONVERSION = YES;
				CLANG_WARN_DEPRECATED_OBJC_IMPLEMENTATIONS = YES;
				CLANG_WARN_DIRECT_OBJC_ISA_USAGE = YES_ERROR;
				CLANG_WARN_DOCUMENTATION_COMMENTS = YES;
				CLANG_WARN_EMPTY_BODY = YES;
				CLANG_WARN_ENUM_CONVERSION = YES;
				CLANG_WARN_INFINITE_RECURSION = YES;
				CLANG_WARN_INT_CONVERSION = YES;
				CLANG_WARN_NON_LITERAL_NULL_CONVERSION = YES;
				CLANG_WARN_OBJC_IMPLICIT_RETAIN_SELF = YES;
				CLANG_WARN_OBJC_LITERAL_CONVERSION = YES;
				CLANG_WARN_OBJC_ROOT_CLASS = YES_ERROR;
				CLANG_WARN_RANGE_LOOP_ANALYSIS = YES;
				CLANG_WARN_STRICT_PROTOTYPES = YES;
				CLANG_WARN_SUSPICIOUS_MOVE = YES;
				CLANG_WARN_UNGUARDED_AVAILABILITY = YES_AGGRESSIVE;
				CLANG_WARN_UNREACHABLE_CODE = YES;
				CLANG_WARN__DUPLICATE_METHOD_MATCH = YES;
				CODE_SIGN_IDENTITY = "iPhone Developer";
				COPY_PHASE_STRIP = NO;
				DEBUG_INFORMATION_FORMAT = "dwarf-with-dsym";
				ENABLE_NS_ASSERTIONS = NO;
				ENABLE_STRICT_OBJC_MSGSEND = YES;
				GCC_C_LANGUAGE_STANDARD = gnu11;
				GCC_NO_COMMON_BLOCKS = YES;
				GCC_WARN_64_TO_32_BIT_CONVERSION = YES;
				GCC_WARN_ABOUT_RETURN_TYPE = YES_ERROR;
				GCC_WARN_UNDECLARED_SELECTOR = YES;
				GCC_WARN_UNINITIALIZED_AUTOS = YES_AGGRESSIVE;
				GCC_WARN_UNUSED_FUNCTION = YES;
				GCC_WARN_UNUSED_VARIABLE = YES;
				IPHONEOS_DEPLOYMENT_TARGET = 12.1;
				MTL_ENABLE_DEBUG_INFO = NO;
				MTL_FAST_MATH = YES;
				SDKROOT = iphoneos;
				SWIFT_COMPILATION_MODE = wholemodule;
				SWIFT_OPTIMIZATION_LEVEL = "-O";
				VALIDATE_PRODUCT = YES;
			};
			name = Release;
		};
		2C6810EA2254FEE700EC25DD /* Debug */ = {
			isa = XCBuildConfiguration;
			buildSettings = {
				ASSETCATALOG_COMPILER_APPICON_NAME = AppIcon;
				CODE_SIGN_STYLE = Automatic;
				DEVELOPMENT_TEAM = ZGTXME65KS;
				INFOPLIST_FILE = FeedFetcher/Info.plist;
				LD_RUNPATH_SEARCH_PATHS = (
					"$(inherited)",
					"@executable_path/Frameworks",
				);
				PRODUCT_BUNDLE_IDENTIFIER = com.previalhealth.FeedFetcher;
				PRODUCT_NAME = "$(TARGET_NAME)";
				SWIFT_VERSION = 4.2;
				TARGETED_DEVICE_FAMILY = "1,2";
			};
			name = Debug;
		};
		2C6810EB2254FEE700EC25DD /* Release */ = {
			isa = XCBuildConfiguration;
			buildSettings = {
				ASSETCATALOG_COMPILER_APPICON_NAME = AppIcon;
				CODE_SIGN_STYLE = Automatic;
				DEVELOPMENT_TEAM = ZGTXME65KS;
				INFOPLIST_FILE = FeedFetcher/Info.plist;
				LD_RUNPATH_SEARCH_PATHS = (
					"$(inherited)",
					"@executable_path/Frameworks",
				);
				PRODUCT_BUNDLE_IDENTIFIER = com.previalhealth.FeedFetcher;
				PRODUCT_NAME = "$(TARGET_NAME)";
				SWIFT_VERSION = 4.2;
				TARGETED_DEVICE_FAMILY = "1,2";
			};
			name = Release;
		};
		2C6810ED2254FEE700EC25DD /* Debug */ = {
			isa = XCBuildConfiguration;
			buildSettings = {
				ALWAYS_EMBED_SWIFT_STANDARD_LIBRARIES = YES;
				BUNDLE_LOADER = "$(TEST_HOST)";
				CODE_SIGN_STYLE = Automatic;
				DEVELOPMENT_TEAM = ZGTXME65KS;
				INFOPLIST_FILE = FeedFetcherTests/Info.plist;
				LD_RUNPATH_SEARCH_PATHS = (
					"$(inherited)",
					"@executable_path/Frameworks",
					"@loader_path/Frameworks",
				);
				PRODUCT_BUNDLE_IDENTIFIER = com.previalhealth.FeedFetcherTests;
				PRODUCT_NAME = "$(TARGET_NAME)";
				SWIFT_VERSION = 4.2;
				TARGETED_DEVICE_FAMILY = "1,2";
				TEST_HOST = "$(BUILT_PRODUCTS_DIR)/FeedFetcher.app/FeedFetcher";
			};
			name = Debug;
		};
		2C6810EE2254FEE700EC25DD /* Release */ = {
			isa = XCBuildConfiguration;
			buildSettings = {
				ALWAYS_EMBED_SWIFT_STANDARD_LIBRARIES = YES;
				BUNDLE_LOADER = "$(TEST_HOST)";
				CODE_SIGN_STYLE = Automatic;
				DEVELOPMENT_TEAM = ZGTXME65KS;
				INFOPLIST_FILE = FeedFetcherTests/Info.plist;
				LD_RUNPATH_SEARCH_PATHS = (
					"$(inherited)",
					"@executable_path/Frameworks",
					"@loader_path/Frameworks",
				);
				PRODUCT_BUNDLE_IDENTIFIER = com.previalhealth.FeedFetcherTests;
				PRODUCT_NAME = "$(TARGET_NAME)";
				SWIFT_VERSION = 4.2;
				TARGETED_DEVICE_FAMILY = "1,2";
				TEST_HOST = "$(BUILT_PRODUCTS_DIR)/FeedFetcher.app/FeedFetcher";
			};
			name = Release;
		};
		2C6810F02254FEE800EC25DD /* Debug */ = {
			isa = XCBuildConfiguration;
			buildSettings = {
				ALWAYS_EMBED_SWIFT_STANDARD_LIBRARIES = YES;
				CODE_SIGN_STYLE = Automatic;
				DEVELOPMENT_TEAM = ZGTXME65KS;
				INFOPLIST_FILE = FeedFetcherUITests/Info.plist;
				LD_RUNPATH_SEARCH_PATHS = (
					"$(inherited)",
					"@executable_path/Frameworks",
					"@loader_path/Frameworks",
				);
				PRODUCT_BUNDLE_IDENTIFIER = com.previalhealth.FeedFetcherUITests;
				PRODUCT_NAME = "$(TARGET_NAME)";
				SWIFT_VERSION = 4.2;
				TARGETED_DEVICE_FAMILY = "1,2";
				TEST_TARGET_NAME = FeedFetcher;
			};
			name = Debug;
		};
		2C6810F12254FEE800EC25DD /* Release */ = {
			isa = XCBuildConfiguration;
			buildSettings = {
				ALWAYS_EMBED_SWIFT_STANDARD_LIBRARIES = YES;
				CODE_SIGN_STYLE = Automatic;
				DEVELOPMENT_TEAM = ZGTXME65KS;
				INFOPLIST_FILE = FeedFetcherUITests/Info.plist;
				LD_RUNPATH_SEARCH_PATHS = (
					"$(inherited)",
					"@executable_path/Frameworks",
					"@loader_path/Frameworks",
				);
				PRODUCT_BUNDLE_IDENTIFIER = com.previalhealth.FeedFetcherUITests;
				PRODUCT_NAME = "$(TARGET_NAME)";
				SWIFT_VERSION = 4.2;
				TARGETED_DEVICE_FAMILY = "1,2";
				TEST_TARGET_NAME = FeedFetcher;
			};
			name = Release;
		};
/* End XCBuildConfiguration section */

/* Begin XCConfigurationList section */
		2C6810BC2254FEDE00EC25DD /* Build configuration list for PBXProject "FeedFetcher" */ = {
			isa = XCConfigurationList;
			buildConfigurations = (
				2C6810E72254FEE700EC25DD /* Debug */,
				2C6810E82254FEE700EC25DD /* Release */,
			);
			defaultConfigurationIsVisible = 0;
			defaultConfigurationName = Release;
		};
		2C6810E92254FEE700EC25DD /* Build configuration list for PBXNativeTarget "FeedFetcher" */ = {
			isa = XCConfigurationList;
			buildConfigurations = (
				2C6810EA2254FEE700EC25DD /* Debug */,
				2C6810EB2254FEE700EC25DD /* Release */,
			);
			defaultConfigurationIsVisible = 0;
			defaultConfigurationName = Release;
		};
		2C6810EC2254FEE700EC25DD /* Build configuration list for PBXNativeTarget "FeedFetcherTests" */ = {
			isa = XCConfigurationList;
			buildConfigurations = (
				2C6810ED2254FEE700EC25DD /* Debug */,
				2C6810EE2254FEE700EC25DD /* Release */,
			);
			defaultConfigurationIsVisible = 0;
			defaultConfigurationName = Release;
		};
		2C6810EF2254FEE800EC25DD /* Build configuration list for PBXNativeTarget "FeedFetcherUITests" */ = {
			isa = XCConfigurationList;
			buildConfigurations = (
				2C6810F02254FEE800EC25DD /* Debug */,
				2C6810F12254FEE800EC25DD /* Release */,
			);
			defaultConfigurationIsVisible = 0;
			defaultConfigurationName = Release;
		};
/* End XCConfigurationList section */
	};
	rootObject = 2C6810B92254FEDE00EC25DD /* Project object */;
}
